Microsoft Visual Studio Solution File, Format Version 12.00
# Visual Studio 2012
Project("{FAE04EC0-301F-11D3-BF4B-00C04F79EFBC}") = "Wpf_MapControl_ListSourceDataAdapter", "Wpf_MapControl_ListSourceDataAdapter\Wpf_MapControl_ListSourceDataAdapter.csproj", "{7040A774-CF97-44E4-B2C0-52D7FA1C7844}"
EndProject
Global
	GlobalSection(SolutionConfigurationPlatforms) = preSolution
		Debug|Any CPU = Debug|Any CPU
		Release|Any CPU = Release|Any CPU
	EndGlobalSection
	GlobalSection(ProjectConfigurationPlatforms) = postSolution
		{7040A774-CF97-44E4-B2C0-52D7FA1C7844}.Debug|Any CPU.ActiveCfg = Debug|Any CPU
		{7040A774-CF97-44E4-B2C0-52D7FA1C7844}.Debug|Any CPU.Build.0 = Debug|Any CPU
		{7040A774-CF97-44E4-B2C0-52D7FA1C7844}.Release|Any CPU.ActiveCfg = Release|Any CPU
		{7040A774-CF97-44E4-B2C0-52D7FA1C7844}.Release|Any CPU.Build.0 = Release|Any CPU
	EndGlobalSection
	GlobalSection(SolutionProperties) = preSolution
		HideSolutionNode = FALSE
	EndGlobalSection
EndGlobal
